version = 1
revision = 3
requires-python = ">=3.13"

[[package]]
name = "colorama"
version = "0.4.6"
source = { registry = "https://pypi.org/simple" }
sdist = { url = "https://files.pythonhosted.org/packages/d8/53/6f443c9a4a8358a93a6792e2acffb9d9d5cb0a5cfd8802644b7b1c9a02e4/colorama-0.4.6.tar.gz", hash = "sha256:08695f5cb7ed6e0531a20572697297273c47b8cae5a63ffc6d6ed5c201be6e44", size = 27697, upload-time = "2022-10-25T02:36:22.414Z" }
wheels = [
    { url = "https://files.pythonhosted.org/packages/d1/d6/3965ed04c63042e047cb6a3e6ed1a63a35087b6a609aa3a15ed8ac56c221/colorama-0.4.6-py2.py3-none-any.whl", hash = "sha256:4f1d9991f5acc0ca119f9d443620b77f9d6b33703e51011c16baf57afb285fc6", size = 25335, upload-time = "2022-10-25T02:36:20.889Z" },
]

[[package]]
name = "duck-of-cards"
version = "0.0.1"
source = { virtual = "." }
dependencies = [
    { name = "panda3d" },
    { name = "panda3d-blend2bam" },
]

[package.dev-dependencies]
dev = [
    { name = "pytest" },
]

[package.metadata]
requires-dist = [
    { name = "panda3d", specifier = ">=1.10.15" },
    { name = "panda3d-blend2bam" },
]

[package.metadata.requires-dev]
dev = [{ name = "pytest", specifier = ">=8.4.2" }]

[[package]]
name = "iniconfig"
version = "2.1.0"
source = { registry = "https://pypi.org/simple" }
sdist = { url = "https://files.pythonhosted.org/packages/f2/97/ebf4da567aa6827c909642694d71c9fcf53e5b504f2d96afea02718862f3/iniconfig-2.1.0.tar.gz", hash = "sha256:3abbd2e30b36733fee78f9c7f7308f2d0050e88f0087fd25c2645f63c773e1c7", size = 4793, upload-time = "2025-03-19T20:09:59.721Z" }
wheels = [
    { url = "https://files.pythonhosted.org/packages/2c/e1/e6716421ea10d38022b952c159d5161ca1193197fb744506875fbb87ea7b/iniconfig-2.1.0-py3-none-any.whl", hash = "sha256:9deba5723312380e77435581c6bf4935c94cbfab9b1ed33ef8d238ea168eb760", size = 6050, upload-time = "2025-03-19T20:10:01.071Z" },
]

[[package]]
name = "packaging"
version = "25.0"
source = { registry = "https://pypi.org/simple" }
sdist = { url = "https://files.pythonhosted.org/packages/a1/d4/1fc4078c65507b51b96ca8f8c3ba19e6a61c8253c72794544580a7b6c24d/packaging-25.0.tar.gz", hash = "sha256:d443872c98d677bf60f6a1f2f8c1cb748e8fe762d2bf9d3148b5599295b0fc4f", size = 165727, upload-time = "2025-04-19T11:48:59.673Z" }
wheels = [
    { url = "https://files.pythonhosted.org/packages/20/12/38679034af332785aac8774540895e234f4d07f7545804097de4b666afd8/packaging-25.0-py3-none-any.whl", hash = "sha256:29572ef2b1f17581046b3a2227d5c611fb25ec70ca1ba8554b24b0e69331a484", size = 66469, upload-time = "2025-04-19T11:48:57.875Z" },
]

[[package]]
name = "panda3d"
version = "1.10.15"
source = { registry = "https://pypi.org/simple" }
wheels = [
    { url = "https://files.pythonhosted.org/packages/40/cc/431c12cf540d79545ae1ccccc008398729c113014ffa4910ce39de021364/panda3d-1.10.15-cp313-cp313-macosx_10_13_x86_64.whl", hash = "sha256:57eabb76ce244e802b7bce0bff8fa976a762b3a14f69cdccbc7e7ce5d33591cb", size = 67709251, upload-time = "2024-11-08T11:13:47.612Z" },
    { url = "https://files.pythonhosted.org/packages/d1/04/288f594da7553c8eec7a2b804af589ad4a8098f33bb632333aeaa3859cce/panda3d-1.10.15-cp313-cp313-macosx_11_0_universal2.whl", hash = "sha256:2fe3725aa53898ad2d8aef7bad023f8d2bbdc7618867ce123d9f56a9b3be82de", size = 119014322, upload-time = "2024-11-08T11:13:55.343Z" },
    { url = "https://files.pythonhosted.org/packages/4b/68/52c4d1e1a54ecef5a1a29c6fb74a3d268b0272ac4d62efa967db3fc5c672/panda3d-1.10.15-cp313-cp313-manylinux2014_aarch64.whl", hash = "sha256:7f2959545e48c5d7e0b60102d7d09e4d8fb7c41e2256e731270efa5d201fd5d8", size = 49078308, upload-time = "2024-11-08T22:26:49.925Z" },
    { url = "https://files.pythonhosted.org/packages/28/c6/7a10d4862eff79628d1f5a1598349cf195d1a32507d2c254bd58f6da8ff1/panda3d-1.10.15-cp313-cp313-manylinux2014_x86_64.whl", hash = "sha256:202613825dce4889d01cab47ded2a64f8b9f451a6dd9aac5395dbb130ee510e3", size = 54439383, upload-time = "2024-11-08T11:14:02.089Z" },
    { url = "https://files.pythonhosted.org/packages/69/c2/00e52bc46e1b6c2402395376d8bac7cace177d03cccc360ec81154a33750/panda3d-1.10.15-cp313-cp313-win32.whl", hash = "sha256:ffac45e08b17447e1cfa2f1e7ec01e5d4c67b732479c21cba1b0751074ed2820", size = 54688761, upload-time = "2024-11-08T11:14:06.733Z" },
    { url = "https://files.pythonhosted.org/packages/18/bb/b58be7df35d59fc72bba18efe345ce4451e970ca9f693309e47578578bda/panda3d-1.10.15-cp313-cp313-win_amd64.whl", hash = "sha256:81da0be19890802980828dde4c59f920f7e49bb9e6ec02375c899cace8074baf", size = 66266848, upload-time = "2024-11-08T11:14:11.948Z" },
    { url = "https://files.pythonhosted.org/packages/5b/76/e73701c0a87ce67a01aca61743e9295e32712cfad3f7e8ec752add53e86f/panda3d-1.10.15-cp313-cp313t-macosx_10_13_x86_64.whl", hash = "sha256:26d024ef60b4d169c4ae10abbb6ce0bdfd0d5732eb61cc77e257987a06bc635c", size = 70116009, upload-time = "2024-11-08T11:14:18.865Z" },
    { url = "https://files.pythonhosted.org/packages/88/44/8a2a43ef9755a19ba502b3e289e86f28c0fc26ffce4125340c2f7581f2d8/panda3d-1.10.15-cp313-cp313t-macosx_11_0_universal2.whl", hash = "sha256:ca13198b78e4d62ae9d9bfbc8e0fb8ce96d5ce725fa57e9becf69d5f54335f0f", size = 123651610, upload-time = "2024-11-08T11:14:25.828Z" },
    { url = "https://files.pythonhosted.org/packages/cc/75/9684003c98ace58a1994cd5c4ee2bfd7d6c2cc2f78a0e041e45e22ba61ad/panda3d-1.10.15-cp313-cp313t-manylinux2014_aarch64.whl", hash = "sha256:9ad98a3f82443d572ccbfe78ab6ac1c5405b3107e005414fb5fbd2985b81b02f", size = 49499082, upload-time = "2024-11-08T22:26:54.693Z" },
    { url = "https://files.pythonhosted.org/packages/ca/99/4f385683203646e81ad25f1ff880c7d46b2e1843b580bbbeb5a6643ca22d/panda3d-1.10.15-cp313-cp313t-manylinux2014_x86_64.whl", hash = "sha256:db8ad9ff7f48ee1d6b67716124aa8201aa49a92f95b58bb99822208bfbd32a8e", size = 54799011, upload-time = "2024-11-08T11:14:31.397Z" },
    { url = "https://files.pythonhosted.org/packages/40/3e/fde3f06eb2843d9dc4b5cca2ef82888928849215deaeece6ca4be442e1cb/panda3d-1.10.15-cp313-cp313t-win32.whl", hash = "sha256:09f4a52918faa54f53fc523f2f0be84789cbf0432cc380960d8e3e8437b48021", size = 54826671, upload-time = "2024-11-08T11:14:36.186Z" },
    { url = "https://files.pythonhosted.org/packages/1c/f7/318a80225b6785a562b00622db5f7fb2b1f76ab57723908051d1f953d33d/panda3d-1.10.15-cp313-cp313t-win_amd64.whl", hash = "sha256:fa195f2b57a6dd819e81bf13728d00f3973cf4c680245c70d7b669a3317decca", size = 66300865, upload-time = "2024-11-08T11:14:41.995Z" },
]

[[package]]
name = "panda3d-blend2bam"
version = "0.26.0"
source = { registry = "https://pypi.org/simple" }
dependencies = [
    { name = "panda3d" },
    { name = "panda3d-gltf" },
]
sdist = { url = "https://files.pythonhosted.org/packages/2c/05/b2c09896c918a0468f7b6e4c14db1b75e69fce70354e811bad3ca211ae1f/panda3d_blend2bam-0.26.0.tar.gz", hash = "sha256:491ed858d5620ea48c55a096fe5e5a9340793bea44e1fabd46d91ec8e01664c7", size = 16118, upload-time = "2024-10-19T21:48:18.644Z" }
wheels = [
    { url = "https://files.pythonhosted.org/packages/25/61/b68585549dd76a4ea1828cbcb0470930ebeed34cc47a8ad5b5c581b8cc14/panda3d_blend2bam-0.26.0-py3-none-any.whl", hash = "sha256:1e2bbf9957352c3b9af97e17b7689178ce3e19ba25de8b179db25ec16ffd0972", size = 14603, upload-time = "2024-10-19T21:48:17.054Z" },
]

[[package]]
name = "panda3d-gltf"
version = "1.3.0"
source = { registry = "https://pypi.org/simple" }
dependencies = [
    { name = "panda3d" },
    { name = "panda3d-simplepbr" },
]
sdist = { url = "https://files.pythonhosted.org/packages/6b/e9/36ea1b84bfbe4fafc60216fb8eb3f71ef3aa7156569f475621f8bb5eeb5e/panda3d_gltf-1.3.0.tar.gz", hash = "sha256:40ed155ca060f662e53c9bd5526fa91024dd308bc61ebe27218b20a5afb1d9ff", size = 29038, upload-time = "2025-03-16T05:57:25.315Z" }
wheels = [
    { url = "https://files.pythonhosted.org/packages/24/0f/b9406c4434422822039a4daefdc479e71326131f2a0f80f88f7cfc60e9c8/panda3d_gltf-1.3.0-py3-none-any.whl", hash = "sha256:2512500ee7e2fc13431dc47e9510efff2c29b9dd82714bd2c36165be2c82ef97", size = 27758, upload-time = "2025-03-16T05:57:24.021Z" },
]

[[package]]
name = "panda3d-simplepbr"
version = "0.13.1"
source = { registry = "https://pypi.org/simple" }
dependencies = [
    { name = "panda3d" },
    { name = "typing-extensions" },
]
sdist = { url = "https://files.pythonhosted.org/packages/0d/be/c4d1ded04c22b357277cf6e6a44c1ab4abb285a700bd1991460460e05b99/panda3d_simplepbr-0.13.1.tar.gz", hash = "sha256:c83766d7c8f47499f365a07fe1dff078fc8b3054c2689bdc8dceabddfe7f1a35", size = 6216055, upload-time = "2025-03-30T16:57:41.087Z" }
wheels = [
    { url = "https://files.pythonhosted.org/packages/11/5d/3744c6550dddf933785a37cdd4a9921fe13284e6d115b5a2637fe390f158/panda3d_simplepbr-0.13.1-py3-none-any.whl", hash = "sha256:cda41cb57cff035b851646956cfbdcc408bee42511dabd4f2d7bd4fbf48c57a9", size = 2457097, upload-time = "2025-03-30T16:57:39.729Z" },
]

[[package]]
name = "pluggy"
version = "1.6.0"
source = { registry = "https://pypi.org/simple" }
sdist = { url = "https://files.pythonhosted.org/packages/f9/e2/3e91f31a7d2b083fe6ef3fa267035b518369d9511ffab804f839851d2779/pluggy-1.6.0.tar.gz", hash = "sha256:7dcc130b76258d33b90f61b658791dede3486c3e6bfb003ee5c9bfb396dd22f3", size = 69412, upload-time = "2025-05-15T12:30:07.975Z" }
wheels = [
    { url = "https://files.pythonhosted.org/packages/54/20/4d324d65cc6d9205fabedc306948156824eb9f0ee1633355a8f7ec5c66bf/pluggy-1.6.0-py3-none-any.whl", hash = "sha256:e920276dd6813095e9377c0bc5566d94c932c33b27a3e3945d8389c374dd4746", size = 20538, upload-time = "2025-05-15T12:30:06.134Z" },
]

[[package]]
name = "pygments"
version = "2.19.2"
source = { registry = "https://pypi.org/simple" }
sdist = { url = "https://files.pythonhosted.org/packages/b0/77/a5b8c569bf593b0140bde72ea885a803b82086995367bf2037de0159d924/pygments-2.19.2.tar.gz", hash = "sha256:636cb2477cec7f8952536970bc533bc43743542f70392ae026374600add5b887", size = 4968631, upload-time = "2025-06-21T13:39:12.283Z" }
wheels = [
    { url = "https://files.pythonhosted.org/packages/c7/21/705964c7812476f378728bdf590ca4b771ec72385c533964653c68e86bdc/pygments-2.19.2-py3-none-any.whl", hash = "sha256:86540386c03d588bb81d44bc3928634ff26449851e99741617ecb9037ee5ec0b", size = 1225217, upload-time = "2025-06-21T13:39:07.939Z" },
]

[[package]]
name = "pytest"
version = "8.4.2"
source = { registry = "https://pypi.org/simple" }
dependencies = [
    { name = "colorama", marker = "sys_platform == 'win32'" },
    { name = "iniconfig" },
    { name = "packaging" },
    { name = "pluggy" },
    { name = "pygments" },
]
sdist = { url = "https://files.pythonhosted.org/packages/a3/5c/00a0e072241553e1a7496d638deababa67c5058571567b92a7eaa258397c/pytest-8.4.2.tar.gz", hash = "sha256:86c0d0b93306b961d58d62a4db4879f27fe25513d4b969df351abdddb3c30e01", size = 1519618, upload-time = "2025-09-04T14:34:22.711Z" }
wheels = [
    { url = "https://files.pythonhosted.org/packages/a8/a4/20da314d277121d6534b3a980b29035dcd51e6744bd79075a6ce8fa4eb8d/pytest-8.4.2-py3-none-any.whl", hash = "sha256:872f880de3fc3a5bdc88a11b39c9710c3497a547cfa9320bc3c5e62fbf272e79", size = 365750, upload-time = "2025-09-04T14:34:20.226Z" },
]

[[package]]
name = "typing-extensions"
version = "4.15.0"
source = { registry = "https://pypi.org/simple" }
sdist = { url = "https://files.pythonhosted.org/packages/72/94/1a15dd82efb362ac84269196e94cf00f187f7ed21c242792a923cdb1c61f/typing_extensions-4.15.0.tar.gz", hash = "sha256:0cea48d173cc12fa28ecabc3b837ea3cf6f38c6d1136f85cbaaf598984861466", size = 109391, upload-time = "2025-08-25T13:49:26.313Z" }
wheels = [
    { url = "https://files.pythonhosted.org/packages/18/67/36e9267722cc04a6b9f15c7f3441c2363321a3ea07da7ae0c0707beb2a9c/typing_extensions-4.15.0-py3-none-any.whl", hash = "sha256:f0fa19c6845758ab08074a0cfa8b7aecb71c999ca73d62883bc25cc018c4e548", size = 44614, upload-time = "2025-08-25T13:49:24.86Z" },
]
